// !$*UTF8*$!
{
	archiveVersion = 1;
	classes = {
	};
	objectVersion = 46;
	objects = {

/* Begin PBXBuildFile section */
		0240CA9D1F0B9BD6006D7BC6 /* AppDelegate.m in Sources */ = {isa = PBXBuildFile; fileRef = 0240CA931F0B9BD6006D7BC6 /* AppDelegate.m */; };
		0240CA9E1F0B9BD6006D7BC6 /* Assets.xcassets in Resources */ = {isa = PBXBuildFile; fileRef = 0240CA941F0B9BD6006D7BC6 /* Assets.xcassets */; };
		0240CA9F1F0B9BD6006D7BC6 /* LaunchScreen.storyboard in Resources */ = {isa = PBXBuildFile; fileRef = 0240CA951F0B9BD6006D7BC6 /* LaunchScreen.storyboard */; };
		0240CAA01F0B9BD6006D7BC6 /* Main.storyboard in Resources */ = {isa = PBXBuildFile; fileRef = 0240CA971F0B9BD6006D7BC6 /* Main.storyboard */; };
		0240CAA21F0B9BD6006D7BC6 /* main.m in Sources */ = {isa = PBXBuildFile; fileRef = 0240CA9A1F0B9BD6006D7BC6 /* main.m */; };
		0240CAA31F0B9BD6006D7BC6 /* ViewController.m in Sources */ = {isa = PBXBuildFile; fileRef = 0240CA9C1F0B9BD6006D7BC6 /* ViewController.m */; };
		0240CAA51F0B9CA5006D7BC6 /* Info.plist in Resources */ = {isa = PBXBuildFile; fileRef = 0240CAA41F0B9CA5006D7BC6 /* Info.plist */; };
/* End PBXBuildFile section */

/* Begin PBXContainerItemProxy section */
		02ED56941E67FD8300D7CAF8 /* PBXContainerItemProxy */ = {
			isa = PBXContainerItemProxy;
			containerPortal = 02ED56721E67FD8300D7CAF8 /* Project object */;
			proxyType = 1;
			remoteGlobalIDString = 02ED56791E67FD8300D7CAF8;
			remoteInfo = "Ticket(GCD)";
		};
		02ED569F1E67FD8300D7CAF8 /* PBXContainerItemProxy */ = {
			isa = PBXContainerItemProxy;
			containerPortal = 02ED56721E67FD8300D7CAF8 /* Project object */;
			proxyType = 1;
			remoteGlobalIDString = 02ED56791E67FD8300D7CAF8;
			remoteInfo = "Ticket(GCD)";
		};
/* End PBXContainerItemProxy section */

/* Begin PBXFileReference section */
		0240CA921F0B9BD6006D7BC6 /* AppDelegate.h */ = {isa = PBXFileReference; fileEncoding = 4; lastKnownFileType = sourcecode.c.h; path = AppDelegate.h; sourceTree = "<group>"; };
		0240CA931F0B9BD6006D7BC6 /* AppDelegate.m */ = {isa = PBXFileReference; fileEncoding = 4; lastKnownFileType = sourcecode.c.objc; path = AppDelegate.m; sourceTree = "<group>"; };
		0240CA941F0B9BD6006D7BC6 /* Assets.xcassets */ = {isa = PBXFileReference; lastKnownFileType = folder.assetcatalog; path = Assets.xcassets; sourceTree = "<group>"; };
		0240CA961F0B9BD6006D7BC6 /* Base */ = {isa = PBXFileReference; lastKnownFileType = file.storyboard; name = Base; path = Base.lproj/LaunchScreen.storyboard; sourceTree = "<group>"; };
		0240CA981F0B9BD6006D7BC6 /* Base */ = {isa = PBXFileReference; lastKnownFileType = file.storyboard; name = Base; path = Base.lproj/Main.storyboard; sourceTree = "<group>"; };
		0240CA9A1F0B9BD6006D7BC6 /* main.m */ = {isa = PBXFileReference; fileEncoding = 4; lastKnownFileType = sourcecode.c.objc; path = main.m; sourceTree = "<group>"; };
		0240CA9B1F0B9BD6006D7BC6 /* ViewController.h */ = {isa = PBXFileReference; fileEncoding = 4; lastKnownFileType = sourcecode.c.h; path = ViewController.h; sourceTree = "<group>"; };
		0240CA9C1F0B9BD6006D7BC6 /* ViewController.m */ = {isa = PBXFileReference; fileEncoding = 4; lastKnownFileType = sourcecode.c.objc; path = ViewController.m; sourceTree = "<group>"; };
		0240CAA41F0B9CA5006D7BC6 /* Info.plist */ = {isa = PBXFileReference; fileEncoding = 4; lastKnownFileType = text.plist.xml; path = Info.plist; sourceTree = "<group>"; };
		02ED567A1E67FD8300D7CAF8 /* Ticket(GCD).app */ = {isa = PBXFileReference; explicitFileType = wrapper.application; includeInIndex = 0; path = "Ticket(GCD).app"; sourceTree = BUILT_PRODUCTS_DIR; };
		02ED56931E67FD8300D7CAF8 /* Ticket(GCD)Tests.xctest */ = {isa = PBXFileReference; explicitFileType = wrapper.cfbundle; includeInIndex = 0; path = "Ticket(GCD)Tests.xctest"; sourceTree = BUILT_PRODUCTS_DIR; };
		02ED569E1E67FD8300D7CAF8 /* Ticket(GCD)UITests.xctest */ = {isa = PBXFileReference; explicitFileType = wrapper.cfbundle; includeInIndex = 0; path = "Ticket(GCD)UITests.xctest"; sourceTree = BUILT_PRODUCTS_DIR; };
/* End PBXFileReference section */

/* Begin PBXFrameworksBuildPhase section */
		02ED56771E67FD8300D7CAF8 /* Frameworks */ = {
			isa = PBXFrameworksBuildPhase;
			buildActionMask = 2147483647;
			files = (
			);
			runOnlyForDeploymentPostprocessing = 0;
		};
		02ED56901E67FD8300D7CAF8 /* Frameworks */ = {
			isa = PBXFrameworksBuildPhase;
			buildActionMask = 2147483647;
			files = (
			);
			runOnlyForDeploymentPostprocessing = 0;
		};
		02ED569B1E67FD8300D7CAF8 /* Frameworks */ = {
			isa = PBXFrameworksBuildPhase;
			buildActionMask = 2147483647;
			files = (
			);
			runOnlyForDeploymentPostprocessing = 0;
		};
/* End PBXFrameworksBuildPhase section */

/* Begin PBXGroup section */
		0240CA911F0B9BD6006D7BC6 /* Ticket(GCD) */ = {
			isa = PBXGroup;
			children = (
				0240CA921F0B9BD6006D7BC6 /* AppDelegate.h */,
				0240CA931F0B9BD6006D7BC6 /* AppDelegate.m */,
				0240CA9B1F0B9BD6006D7BC6 /* ViewController.h */,
				0240CA9C1F0B9BD6006D7BC6 /* ViewController.m */,
				0240CAA41F0B9CA5006D7BC6 /* Info.plist */,
				0240CA9A1F0B9BD6006D7BC6 /* main.m */,
				0240CA941F0B9BD6006D7BC6 /* Assets.xcassets */,
				0240CA951F0B9BD6006D7BC6 /* LaunchScreen.storyboard */,
				0240CA971F0B9BD6006D7BC6 /* Main.storyboard */,
			);
			path = "Ticket(GCD)";
			sourceTree = "<group>";
		};
		02ED56711E67FD8300D7CAF8 = {
			isa = PBXGroup;
			children = (
				0240CA911F0B9BD6006D7BC6 /* Ticket(GCD) */,
				02ED567B1E67FD8300D7CAF8 /* Products */,
			);
			sourceTree = "<group>";
		};
		02ED567B1E67FD8300D7CAF8 /* Products */ = {
			isa = PBXGroup;
			children = (
				02ED567A1E67FD8300D7CAF8 /* Ticket(GCD).app */,
				02ED56931E67FD8300D7CAF8 /* Ticket(GCD)Tests.xctest */,
				02ED569E1E67FD8300D7CAF8 /* Ticket(GCD)UITests.xctest */,
			);
			name = Products;
			sourceTree = "<group>";
		};
/* End PBXGroup section */

/* Begin PBXNativeTarget section */
		02ED56791E67FD8300D7CAF8 /* Ticket(GCD) */ = {
			isa = PBXNativeTarget;
			buildConfigurationList = 02ED56A71E67FD8300D7CAF8 /* Build configuration list for PBXNativeTarget "Ticket(GCD)" */;
			buildPhases = (
				02ED56761E67FD8300D7CAF8 /* Sources */,
				02ED56771E67FD8300D7CAF8 /* Frameworks */,
				02ED56781E67FD8300D7CAF8 /* Resources */,
			);
			buildRules = (
			);
			dependencies = (
			);
			name = "Ticket(GCD)";
			productName = "Ticket(GCD)";
			productReference = 02ED567A1E67FD8300D7CAF8 /* Ticket(GCD).app */;
			productType = "com.apple.product-type.application";
		};
		02ED56921E67FD8300D7CAF8 /* Ticket(GCD)Tests */ = {
			isa = PBXNativeTarget;
			buildConfigurationList = 02ED56AA1E67FD8300D7CAF8 /* Build configuration list for PBXNativeTarget "Ticket(GCD)Tests" */;
			buildPhases = (
				02ED568F1E67FD8300D7CAF8 /* Sources */,
				02ED56901E67FD8300D7CAF8 /* Frameworks */,
				02ED56911E67FD8300D7CAF8 /* Resources */,
			);
			buildRules = (
			);
			dependencies = (
				02ED56951E67FD8300D7CAF8 /* PBXTargetDependency */,
			);
			name = "Ticket(GCD)Tests";
			productName = "Ticket(GCD)Tests";
			productReference = 02ED56931E67FD8300D7CAF8 /* Ticket(GCD)Tests.xctest */;
			productType = "com.apple.product-type.bundle.unit-test";
		};
		02ED569D1E67FD8300D7CAF8 /* Ticket(GCD)UITests */ = {
			isa = PBXNativeTarget;
			buildConfigurationList = 02ED56AD1E67FD8300D7CAF8 /* Build configuration list for PBXNativeTarget "Ticket(GCD)UITests" */;
			buildPhases = (
				02ED569A1E67FD8300D7CAF8 /* Sources */,
				02ED569B1E67FD8300D7CAF8 /* Frameworks */,
				02ED569C1E67FD8300D7CAF8 /* Resources */,
			);
			buildRules = (
			);
			dependencies = (
				02ED56A01E67FD8300D7CAF8 /* PBXTargetDependency */,
			);
			name = "Ticket(GCD)UITests";
			productName = "Ticket(GCD)UITests";
			productReference = 02ED569E1E67FD8300D7CAF8 /* Ticket(GCD)UITests.xctest */;
			productType = "com.apple.product-type.bundle.ui-testing";
		};
/* End PBXNativeTarget section */

/* Begin PBXProject section */
		02ED56721E67FD8300D7CAF8 /* Project object */ = {
			isa = PBXProject;
			attributes = {
				LastUpgradeCheck = 0820;
				ORGANIZATIONNAME = onefboy;
				TargetAttributes = {
					02ED56791E67FD8300D7CAF8 = {
						CreatedOnToolsVersion = 8.2.1;
						ProvisioningStyle = Automatic;
					};
					02ED56921E67FD8300D7CAF8 = {
						CreatedOnToolsVersion = 8.2.1;
						ProvisioningStyle = Automatic;
						TestTargetID = 02ED56791E67FD8300D7CAF8;
					};
					02ED569D1E67FD8300D7CAF8 = {
						CreatedOnToolsVersion = 8.2.1;
						ProvisioningStyle = Automatic;
						TestTargetID = 02ED56791E67FD8300D7CAF8;
					};
				};
			};
			buildConfigurationList = 02ED56751E67FD8300D7CAF8 /* Build configuration list for PBXProject "Ticket(GCD)" */;
			compatibilityVersion = "Xcode 3.2";
			developmentRegion = English;
			hasScannedForEncodings = 0;
			knownRegions = (
				en,
				Base,
			);
			mainGroup = 02ED56711E67FD8300D7CAF8;
			productRefGroup = 02ED567B1E67FD8300D7CAF8 /* Products */;
			projectDirPath = "";
			projectRoot = "";
			targets = (
				02ED56791E67FD8300D7CAF8 /* Ticket(GCD) */,
				02ED56921E67FD8300D7CAF8 /* Ticket(GCD)Tests */,
				02ED569D1E67FD8300D7CAF8 /* Ticket(GCD)UITests */,
			);
		};
/* End PBXProject section */

/* Begin PBXResourcesBuildPhase section */
		02ED56781E67FD8300D7CAF8 /* Resources */ = {
			isa = PBXResourcesBuildPhase;
			buildActionMask = 2147483647;
			files = (
				0240CAA51F0B9CA5006D7BC6 /* Info.plist in Resources */,
				0240CAA01F0B9BD6006D7BC6 /* Main.storyboard in Resources */,
				0240CA9E1F0B9BD6006D7BC6 /* Assets.xcassets in Resources */,
				0240CA9F1F0B9BD6006D7BC6 /* LaunchScreen.storyboard in Resources */,
			);
			runOnlyForDeploymentPostprocessing = 0;
		};
		02ED56911E67FD8300D7CAF8 /* Resources */ = {
			isa = PBXResourcesBuildPhase;
			buildActionMask = 2147483647;
			files = (
			);
			runOnlyForDeploymentPostprocessing = 0;
		};
		02ED569C1E67FD8300D7CAF8 /* Resources */ = {
			isa = PBXResourcesBuildPhase;
			buildActionMask = 2147483647;
			files = (
			);
			runOnlyForDeploymentPostprocessing = 0;
		};
/* End PBXResourcesBuildPhase section */

/* Begin PBXSourcesBuildPhase section */
		02ED56761E67FD8300D7CAF8 /* Sources */ = {
			isa = PBXSourcesBuildPhase;
			buildActionMask = 2147483647;
			files = (
				0240CAA31F0B9BD6006D7BC6 /* ViewController.m in Sources */,
				0240CAA21F0B9BD6006D7BC6 /* main.m in Sources */,
				0240CA9D1F0B9BD6006D7BC6 /* AppDelegate.m in Sources */,
			);
			runOnlyForDeploymentPostprocessing = 0;
		};
		02ED568F1E67FD8300D7CAF8 /* Sources */ = {
			isa = PBXSourcesBuildPhase;
			buildActionMask = 2147483647;
			files = (
			);
			runOnlyForDeploymentPostprocessing = 0;
		};
		02ED569A1E67FD8300D7CAF8 /* Sources */ = {
			isa = PBXSourcesBuildPhase;
			buildActionMask = 2147483647;
			files = (
			);
			runOnlyForDeploymentPostprocessing = 0;
		};
/* End PBXSourcesBuildPhase section */

/* Begin PBXTargetDependency section */
		02ED56951E67FD8300D7CAF8 /* PBXTargetDependency */ = {
			isa = PBXTargetDependency;
			target = 02ED56791E67FD8300D7CAF8 /* Ticket(GCD) */;
			targetProxy = 02ED56941E67FD8300D7CAF8 /* PBXContainerItemProxy */;
		};
		02ED56A01E67FD8300D7CAF8 /* PBXTargetDependency */ = {
			isa = PBXTargetDependency;
			target = 02ED56791E67FD8300D7CAF8 /* Ticket(GCD) */;
			targetProxy = 02ED569F1E67FD8300D7CAF8 /* PBXContainerItemProxy */;
		};
/* End PBXTargetDependency section */

/* Begin PBXVariantGroup section */
		0240CA951F0B9BD6006D7BC6 /* LaunchScreen.storyboard */ = {
			isa = PBXVariantGroup;
			children = (
				0240CA961F0B9BD6006D7BC6 /* Base */,
			);
			name = LaunchScreen.storyboard;
			sourceTree = "<group>";
		};
		0240CA971F0B9BD6006D7BC6 /* Main.storyboard */ = {
			isa = PBXVariantGroup;
			children = (
				0240CA981F0B9BD6006D7BC6 /* Base */,
			);
			name = Main.storyboard;
			sourceTree = "<group>";
		};
/* End PBXVariantGroup section */

/* Begin XCBuildConfiguration section */
		02ED56A51E67FD8300D7CAF8 /* Debug */ = {
			isa = XCBuildConfiguration;
			buildSettings = {
				ALWAYS_SEARCH_USER_PATHS = NO;
				CLANG_ANALYZER_NONNULL = YES;
				CLANG_CXX_LANGUAGE_STANDARD = "gnu++0x";
				CLANG_CXX_LIBRARY = "libc++";
				CLANG_ENABLE_MODULES = YES;
				CLANG_ENABLE_OBJC_ARC = YES;
				CLANG_WARN_BOOL_CONVERSION = YES;
				CLANG_WARN_CONSTANT_CONVERSION = YES;
				CLANG_WARN_DIRECT_OBJC_ISA_USAGE = YES_ERROR;
				CLANG_WARN_DOCUMENTATION_COMMENTS = YES;
				CLANG_WARN_EMPTY_BODY = YES;
				CLANG_WARN_ENUM_CONVERSION = YES;
				CLANG_WARN_INFINITE_RECURSION = YES;
				CLANG_WARN_INT_CONVERSION = YES;
				CLANG_WARN_OBJC_ROOT_CLASS = YES_ERROR;
				CLANG_WARN_SUSPICIOUS_MOVE = YES;
				CLANG_WARN_UNREACHABLE_CODE = YES;
				CLANG_WARN__DUPLICATE_METHOD_MATCH = YES;
				"CODE_SIGN_IDENTITY[sdk=iphoneos*]" = "iPhone Developer";
				COPY_PHASE_STRIP = NO;
				DEBUG_INFORMATION_FORMAT = dwarf;
				ENABLE_STRICT_OBJC_MSGSEND = YES;
				ENABLE_TESTABILITY = YES;
				GCC_C_LANGUAGE_STANDARD = gnu99;
				GCC_DYNAMIC_NO_PIC = NO;
				GCC_NO_COMMON_BLOCKS = YES;
				GCC_OPTIMIZATION_LEVEL = 0;
				GCC_PREPROCESSOR_DEFINITIONS = (
					"DEBUG=1",
					"$(inherited)",
				);
				GCC_WARN_64_TO_32_BIT_CONVERSION = YES;
				GCC_WARN_ABOUT_RETURN_TYPE = YES_ERROR;
				GCC_WARN_UNDECLARED_SELECTOR = YES;
				GCC_WARN_UNINITIALIZED_AUTOS = YES_AGGRESSIVE;
				GCC_WARN_UNUSED_FUNCTION = YES;
				GCC_WARN_UNUSED_VARIABLE = YES;
				IPHONEOS_DEPLOYMENT_TARGET = 10.2;
				MTL_ENABLE_DEBUG_INFO = YES;
				ONLY_ACTIVE_ARCH = YES;
				SDKROOT = iphoneos;
			};
			name = Debug;
		};
		02ED56A61E67FD8300D7CAF8 /* Release */ = {
			isa = XCBuildConfiguration;
			buildSettings = {
				ALWAYS_SEARCH_USER_PATHS = NO;
				CLANG_ANALYZER_NONNULL = YES;
				CLANG_CXX_LANGUAGE_STANDARD = "gnu++0x";
				CLANG_CXX_LIBRARY = "libc++";
				CLANG_ENABLE_MODULES = YES;
				CLANG_ENABLE_OBJC_ARC = YES;
				CLANG_WARN_BOOL_CONVERSION = YES;
				CLANG_WARN_CONSTANT_CONVERSION = YES;
				CLANG_WARN_DIRECT_OBJC_ISA_USAGE = YES_ERROR;
				CLANG_WARN_DOCUMENTATION_COMMENTS = YES;
				CLANG_WARN_EMPTY_BODY = YES;
				CLANG_WARN_ENUM_CONVERSION = YES;
				CLANG_WARN_INFINITE_RECURSION = YES;
				CLANG_WARN_INT_CONVERSION = YES;
				CLANG_WARN_OBJC_ROOT_CLASS = YES_ERROR;
				CLANG_WARN_SUSPICIOUS_MOVE = YES;
				CLANG_WARN_UNREACHABLE_CODE = YES;
				CLANG_WARN__DUPLICATE_METHOD_MATCH = YES;
				"CODE_SIGN_IDENTITY[sdk=iphoneos*]" = "iPhone Developer";
				COPY_PHASE_STRIP = NO;
				DEBUG_INFORMATION_FORMAT = "dwarf-with-dsym";
				ENABLE_NS_ASSERTIONS = NO;
				ENABLE_STRICT_OBJC_MSGSEND = YES;
				GCC_C_LANGUAGE_STANDARD = gnu99;
				GCC_NO_COMMON_BLOCKS = YES;
				GCC_WARN_64_TO_32_BIT_CONVERSION = YES;
				GCC_WARN_ABOUT_RETURN_TYPE = YES_ERROR;
				GCC_WARN_UNDECLARED_SELECTOR = YES;
				GCC_WARN_UNINITIALIZED_AUTOS = YES_AGGRESSIVE;
				GCC_WARN_UNUSED_FUNCTION = YES;
				GCC_WARN_UNUSED_VARIABLE = YES;
				IPHONEOS_DEPLOYMENT_TARGET = 10.2;
				MTL_ENABLE_DEBUG_INFO = NO;
				SDKROOT = iphoneos;
				VALIDATE_PRODUCT = YES;
			};
			name = Release;
		};
		02ED56A81E67FD8300D7CAF8 /* Debug */ = {
			isa = XCBuildConfiguration;
			buildSettings = {
				ASSETCATALOG_COMPILER_APPICON_NAME = AppIcon;
				INFOPLIST_FILE = "Ticket(GCD)/Info.plist";
				LD_RUNPATH_SEARCH_PATHS = "$(inherited) @executable_path/Frameworks";
				PRODUCT_BUNDLE_IDENTIFIER = "com.onefboy.Ticket-GCK-";
				PRODUCT_NAME = "$(TARGET_NAME)";
			};
			name = Debug;
		};
		02ED56A91E67FD8300D7CAF8 /* Release */ = {
			isa = XCBuildConfiguration;
			buildSettings = {
				ASSETCATALOG_COMPILER_APPICON_NAME = AppIcon;
				INFOPLIST_FILE = "Ticket(GCD)/Info.plist";
				LD_RUNPATH_SEARCH_PATHS = "$(inherited) @executable_path/Frameworks";
				PRODUCT_BUNDLE_IDENTIFIER = "com.onefboy.Ticket-GCK-";
				PRODUCT_NAME = "$(TARGET_NAME)";
			};
			name = Release;
		};
		02ED56AB1E67FD8300D7CAF8 /* Debug */ = {
			isa = XCBuildConfiguration;
			buildSettings = {
				BUNDLE_LOADER = "$(TEST_HOST)";
				INFOPLIST_FILE = "Ticket(GCD)Tests/Info.plist";
				LD_RUNPATH_SEARCH_PATHS = "$(inherited) @executable_path/Frameworks @loader_path/Frameworks";
				PRODUCT_BUNDLE_IDENTIFIER = "com.onefboy.Ticket-GCK-Tests";
				PRODUCT_NAME = "$(TARGET_NAME)";
				TEST_HOST = "$(BUILT_PRODUCTS_DIR)/Ticket(GCD).app/Ticket(GCD)";
			};
			name = Debug;
		};
		02ED56AC1E67FD8300D7CAF8 /* Release */ = {
			isa = XCBuildConfiguration;
			buildSettings = {
				BUNDLE_LOADER = "$(TEST_HOST)";
				INFOPLIST_FILE = "Ticket(GCD)Tests/Info.plist";
				LD_RUNPATH_SEARCH_PATHS = "$(inherited) @executable_path/Frameworks @loader_path/Frameworks";
				PRODUCT_BUNDLE_IDENTIFIER = "com.onefboy.Ticket-GCK-Tests";
				PRODUCT_NAME = "$(TARGET_NAME)";
				TEST_HOST = "$(BUILT_PRODUCTS_DIR)/Ticket(GCD).app/Ticket(GCD)";
			};
			name = Release;
		};
		02ED56AE1E67FD8300D7CAF8 /* Debug */ = {
			isa = XCBuildConfiguration;
			buildSettings = {
				INFOPLIST_FILE = "Ticket(GCD)UITests/Info.plist";
				LD_RUNPATH_SEARCH_PATHS = "$(inherited) @executable_path/Frameworks @loader_path/Frameworks";
				PRODUCT_BUNDLE_IDENTIFIER = "com.onefboy.Ticket-GCK-UITests";
				PRODUCT_NAME = "$(TARGET_NAME)";
				TEST_TARGET_NAME = "Ticket(GCD)";
			};
			name = Debug;
		};
		02ED56AF1E67FD8300D7CAF8 /* Release */ = {
			isa = XCBuildConfiguration;
			buildSettings = {
				INFOPLIST_FILE = "Ticket(GCD)UITests/Info.plist";
				LD_RUNPATH_SEARCH_PATHS = "$(inherited) @executable_path/Frameworks @loader_path/Frameworks";
				PRODUCT_BUNDLE_IDENTIFIER = "com.onefboy.Ticket-GCK-UITests";
				PRODUCT_NAME = "$(TARGET_NAME)";
				TEST_TARGET_NAME = "Ticket(GCD)";
			};
			name = Release;
		};
/* End XCBuildConfiguration section */

/* Begin XCConfigurationList section */
		02ED56751E67FD8300D7CAF8 /* Build configuration list for PBXProject "Ticket(GCD)" */ = {
			isa = XCConfigurationList;
			buildConfigurations = (
				02ED56A51E67FD8300D7CAF8 /* Debug */,
				02ED56A61E67FD8300D7CAF8 /* Release */,
			);
			defaultConfigurationIsVisible = 0;
			defaultConfigurationName = Release;
		};
		02ED56A71E67FD8300D7CAF8 /* Build configuration list for PBXNativeTarget "Ticket(GCD)" */ = {
			isa = XCConfigurationList;
			buildConfigurations = (
				02ED56A81E67FD8300D7CAF8 /* Debug */,
				02ED56A91E67FD8300D7CAF8 /* Release */,
			);
			defaultConfigurationIsVisible = 0;
			defaultConfigurationName = Release;
		};
		02ED56AA1E67FD8300D7CAF8 /* Build configuration list for PBXNativeTarget "Ticket(GCD)Tests" */ = {
			isa = XCConfigurationList;
			buildConfigurations = (
				02ED56AB1E67FD8300D7CAF8 /* Debug */,
				02ED56AC1E67FD8300D7CAF8 /* Release */,
			);
			defaultConfigurationIsVisible = 0;
			defaultConfigurationName = Release;
		};
		02ED56AD1E67FD8300D7CAF8 /* Build configuration list for PBXNativeTarget "Ticket(GCD)UITests" */ = {
			isa = XCConfigurationList;
			buildConfigurations = (
				02ED56AE1E67FD8300D7CAF8 /* Debug */,
				02ED56AF1E67FD8300D7CAF8 /* Release */,
			);
			defaultConfigurationIsVisible = 0;
			defaultConfigurationName = Release;
		};
/* End XCConfigurationList section */
	};
	rootObject = 02ED56721E67FD8300D7CAF8 /* Project object */;
}
